
Microsoft Visual Studio Solution File, Format Version 12.00
# Visual Studio 15
VisualStudioVersion = 15.0.28307.329
MinimumVisualStudioVersion = 10.0.40219.1
Project("{FAE04EC0-301F-11D3-BF4B-00C04F79EFBC}") = "WiredBrainCoffee.MachineSimculator.UI", "WiredBrainCoffee.MachineSimculator.UI\WiredBrainCoffee.MachineSimculator.UI.csproj", "{9B617E43-3B26-4D21-97DF-75DD34BAE602}"
EndProject
Project("{FAE04EC0-301F-11D3-BF4B-00C04F79EFBC}") = "WiredBrainCoffee.EventHub.Sender", "WiredBrainCoffee.EventHub.Sender\WiredBrainCoffee.EventHub.Sender.csproj", "{BCBC6D4B-3472-489E-9949-17AC574A966F}"
EndProject
Global
	GlobalSection(SolutionConfigurationPlatforms) = preSolution
		Debug|Any CPU = Debug|Any CPU
		Release|Any CPU = Release|Any CPU
	EndGlobalSection
	GlobalSection(ProjectConfigurationPlatforms) = postSolution
		{9B617E43-3B26-4D21-97DF-75DD34BAE602}.Debug|Any CPU.ActiveCfg = Debug|Any CPU
		{9B617E43-3B26-4D21-97DF-75DD34BAE602}.Debug|Any CPU.Build.0 = Debug|Any CPU
		{9B617E43-3B26-4D21-97DF-75DD34BAE602}.Release|Any CPU.ActiveCfg = Release|Any CPU
		{9B617E43-3B26-4D21-97DF-75DD34BAE602}.Release|Any CPU.Build.0 = Release|Any CPU
		{BCBC6D4B-3472-489E-9949-17AC574A966F}.Debug|Any CPU.ActiveCfg = Debug|Any CPU
		{BCBC6D4B-3472-489E-9949-17AC574A966F}.Debug|Any CPU.Build.0 = Debug|Any CPU
		{BCBC6D4B-3472-489E-9949-17AC574A966F}.Release|Any CPU.ActiveCfg = Release|Any CPU
		{BCBC6D4B-3472-489E-9949-17AC574A966F}.Release|Any CPU.Build.0 = Release|Any CPU
	EndGlobalSection
	GlobalSection(SolutionProperties) = preSolution
		HideSolutionNode = FALSE
	EndGlobalSection
	GlobalSection(ExtensibilityGlobals) = postSolution
		SolutionGuid = {AB03F10E-2DE6-472C-B6A4-466AD0611651}
	EndGlobalSection
EndGlobal
